
Microsoft Visual Studio Solution File, Format Version 12.00
# Visual Studio Version 16
VisualStudioVersion = 16.0.33927.289
MinimumVisualStudioVersion = 10.0.40219.1
Project("{2150E333-8FDC-42A3-9474-1A3956D46DE8}") = "Task0", "Task0", "{9C4368CB-4AA3-43C0-AD4C-C20F72377843}"
EndProject
Project("{FAE04EC0-301F-11D3-BF4B-00C04F79EFBC}") = "Tyuiu.IvanovJD.Sprint4.Task0.V3", "Tyuiu.IvanovJD.Sprint4.Task0.V3\Tyuiu.IvanovJD.Sprint4.Task0.V3.csproj", "{FB258022-984D-45D1-B4B5-6DEA01C7550B}"
EndProject
Project("{FAE04EC0-301F-11D3-BF4B-00C04F79EFBC}") = "Tyuiu.IvanovJD.Sprint4.Task0.V3.Lib", "Tyuiu.IvanovJD.Sprint4.Task0.V3.Lib\Tyuiu.IvanovJD.Sprint4.Task0.V3.Lib.csproj", "{301BB9A5-447D-4C64-9FFD-A8D67F3342FE}"
EndProject
Project("{FAE04EC0-301F-11D3-BF4B-00C04F79EFBC}") = "Tyuiu.IvanovJD.Sprint4.Task0.V3.Test", "Tyuiu.IvanovJD.Sprint4.Task0.V3.Test\Tyuiu.IvanovJD.Sprint4.Task0.V3.Test.csproj", "{398FF585-0576-45A1-A92F-683E74EF6F3D}"
EndProject
Project("{2150E333-8FDC-42A3-9474-1A3956D46DE8}") = "Task1", "Task1", "{3B7CF485-F9C5-48C9-B8F5-68BC996D2EE5}"
EndProject
Project("{FAE04EC0-301F-11D3-BF4B-00C04F79EFBC}") = "Tyuiu.IvanovJD.Sprint4.Task1.V8", "Tyuiu.IvanovJD.Sprint4.Task1.V8\Tyuiu.IvanovJD.Sprint4.Task1.V8.csproj", "{BAC7B559-2511-4CAA-B2F8-9BE8B64AA0EF}"
EndProject
Project("{FAE04EC0-301F-11D3-BF4B-00C04F79EFBC}") = "Tyuiu.IvanovJD.Sprint4.Task1.V8.Test", "Tyuiu.IvanovJD.Sprint4.Task1.V8.Test\Tyuiu.IvanovJD.Sprint4.Task1.V8.Test.csproj", "{A1DE4D20-E5B5-4ABC-B338-C4F8A820A4FE}"
EndProject
Project("{FAE04EC0-301F-11D3-BF4B-00C04F79EFBC}") = "Tyuiu.IvanovJD.Sprint4.Task1.V8.Lib", "Tyuiu.IvanovJD.Sprint4.Task1.V8.Lib\Tyuiu.IvanovJD.Sprint4.Task1.V8.Lib.csproj", "{A7FB5C05-D592-4705-B9D9-3013024095C0}"
EndProject
Project("{2150E333-8FDC-42A3-9474-1A3956D46DE8}") = "NewFolder1", "NewFolder1", "{33D8366C-91D1-45BF-A367-BFC040F6F8CF}"
EndProject
Project("{FAE04EC0-301F-11D3-BF4B-00C04F79EFBC}") = "Tyuiu.IvanovJD.Sprint4.Task2.V6", "Tyuiu.IvanovJD.Sprint4.Task2.V6\Tyuiu.IvanovJD.Sprint4.Task2.V6.csproj", "{1A027710-1A60-4384-855B-DEBE0019D874}"
EndProject
Project("{FAE04EC0-301F-11D3-BF4B-00C04F79EFBC}") = "Tyuiu.IvanovJD.Sprint4.Task2.V6.Lib", "Tyuiu.IvanovJD.Sprint4.Task2.V6.Lib\Tyuiu.IvanovJD.Sprint4.Task2.V6.Lib.csproj", "{58FCA1BE-A81C-446C-A95C-75FFD0198B73}"
EndProject
Project("{FAE04EC0-301F-11D3-BF4B-00C04F79EFBC}") = "Tyuiu.IvanovJD.Sprint4.Task2.V6.Test", "Tyuiu.IvanovJD.Sprint4.Task2.V6.Test\Tyuiu.IvanovJD.Sprint4.Task2.V6.Test.csproj", "{B9A6F5D6-70E1-4BE4-BAC8-01A2CE9BBE93}"
EndProject
Project("{2150E333-8FDC-42A3-9474-1A3956D46DE8}") = "3", "3", "{EEAAC489-1E13-438E-9539-26417540CF72}"
EndProject
Project("{FAE04EC0-301F-11D3-BF4B-00C04F79EFBC}") = "Tyuiu.IvanovJD.Sprint4.Task3.V29", "Tyuiu.IvanovJD.Sprint4.Task3.V29\Tyuiu.IvanovJD.Sprint4.Task3.V29.csproj", "{62008495-BD3B-4D71-B3FA-AAF6F7544830}"
EndProject
Project("{FAE04EC0-301F-11D3-BF4B-00C04F79EFBC}") = "Tyuiu.IvanovJD.Sprint4.Task3.V29.Test", "Tyuiu.IvanovJD.Sprint4.Task3.V29.Test\Tyuiu.IvanovJD.Sprint4.Task3.V29.Test.csproj", "{1BAB2B4D-E68F-4A72-8031-5FF51E5EFD81}"
EndProject
Project("{FAE04EC0-301F-11D3-BF4B-00C04F79EFBC}") = "Tyuiu.IvanovJD.Sprint4.Task3.V29.Lib", "Tyuiu.IvanovJD.Sprint4.Task3.V29.Lib\Tyuiu.IvanovJD.Sprint4.Task3.V29.Lib.csproj", "{1191E3A1-7EDF-4AEB-A8DC-37146099C63B}"
EndProject
Global
	GlobalSection(SolutionConfigurationPlatforms) = preSolution
		Debug|Any CPU = Debug|Any CPU
		Release|Any CPU = Release|Any CPU
	EndGlobalSection
	GlobalSection(ProjectConfigurationPlatforms) = postSolution
		{FB258022-984D-45D1-B4B5-6DEA01C7550B}.Debug|Any CPU.ActiveCfg = Debug|Any CPU
		{FB258022-984D-45D1-B4B5-6DEA01C7550B}.Debug|Any CPU.Build.0 = Debug|Any CPU
		{FB258022-984D-45D1-B4B5-6DEA01C7550B}.Release|Any CPU.ActiveCfg = Release|Any CPU
		{FB258022-984D-45D1-B4B5-6DEA01C7550B}.Release|Any CPU.Build.0 = Release|Any CPU
		{301BB9A5-447D-4C64-9FFD-A8D67F3342FE}.Debug|Any CPU.ActiveCfg = Debug|Any CPU
		{301BB9A5-447D-4C64-9FFD-A8D67F3342FE}.Debug|Any CPU.Build.0 = Debug|Any CPU
		{301BB9A5-447D-4C64-9FFD-A8D67F3342FE}.Release|Any CPU.ActiveCfg = Release|Any CPU
		{301BB9A5-447D-4C64-9FFD-A8D67F3342FE}.Release|Any CPU.Build.0 = Release|Any CPU
		{398FF585-0576-45A1-A92F-683E74EF6F3D}.Debug|Any CPU.ActiveCfg = Debug|Any CPU
		{398FF585-0576-45A1-A92F-683E74EF6F3D}.Debug|Any CPU.Build.0 = Debug|Any CPU
		{398FF585-0576-45A1-A92F-683E74EF6F3D}.Release|Any CPU.ActiveCfg = Release|Any CPU
		{398FF585-0576-45A1-A92F-683E74EF6F3D}.Release|Any CPU.Build.0 = Release|Any CPU
		{BAC7B559-2511-4CAA-B2F8-9BE8B64AA0EF}.Debug|Any CPU.ActiveCfg = Debug|Any CPU
		{BAC7B559-2511-4CAA-B2F8-9BE8B64AA0EF}.Debug|Any CPU.Build.0 = Debug|Any CPU
		{BAC7B559-2511-4CAA-B2F8-9BE8B64AA0EF}.Release|Any CPU.ActiveCfg = Release|Any CPU
		{BAC7B559-2511-4CAA-B2F8-9BE8B64AA0EF}.Release|Any CPU.Build.0 = Release|Any CPU
		{A1DE4D20-E5B5-4ABC-B338-C4F8A820A4FE}.Debug|Any CPU.ActiveCfg = Debug|Any CPU
		{A1DE4D20-E5B5-4ABC-B338-C4F8A820A4FE}.Debug|Any CPU.Build.0 = Debug|Any CPU
		{A1DE4D20-E5B5-4ABC-B338-C4F8A820A4FE}.Release|Any CPU.ActiveCfg = Release|Any CPU
		{A1DE4D20-E5B5-4ABC-B338-C4F8A820A4FE}.Release|Any CPU.Build.0 = Release|Any CPU
		{A7FB5C05-D592-4705-B9D9-3013024095C0}.Debug|Any CPU.ActiveCfg = Debug|Any CPU
		{A7FB5C05-D592-4705-B9D9-3013024095C0}.Debug|Any CPU.Build.0 = Debug|Any CPU
		{A7FB5C05-D592-4705-B9D9-3013024095C0}.Release|Any CPU.ActiveCfg = Release|Any CPU
		{A7FB5C05-D592-4705-B9D9-3013024095C0}.Release|Any CPU.Build.0 = Release|Any CPU
		{1A027710-1A60-4384-855B-DEBE0019D874}.Debug|Any CPU.ActiveCfg = Debug|Any CPU
		{1A027710-1A60-4384-855B-DEBE0019D874}.Debug|Any CPU.Build.0 = Debug|Any CPU
		{1A027710-1A60-4384-855B-DEBE0019D874}.Release|Any CPU.ActiveCfg = Release|Any CPU
		{1A027710-1A60-4384-855B-DEBE0019D874}.Release|Any CPU.Build.0 = Release|Any CPU
		{58FCA1BE-A81C-446C-A95C-75FFD0198B73}.Debug|Any CPU.ActiveCfg = Debug|Any CPU
		{58FCA1BE-A81C-446C-A95C-75FFD0198B73}.Debug|Any CPU.Build.0 = Debug|Any CPU
		{58FCA1BE-A81C-446C-A95C-75FFD0198B73}.Release|Any CPU.ActiveCfg = Release|Any CPU
		{58FCA1BE-A81C-446C-A95C-75FFD0198B73}.Release|Any CPU.Build.0 = Release|Any CPU
		{B9A6F5D6-70E1-4BE4-BAC8-01A2CE9BBE93}.Debug|Any CPU.ActiveCfg = Debug|Any CPU
		{B9A6F5D6-70E1-4BE4-BAC8-01A2CE9BBE93}.Debug|Any CPU.Build.0 = Debug|Any CPU
		{B9A6F5D6-70E1-4BE4-BAC8-01A2CE9BBE93}.Release|Any CPU.ActiveCfg = Release|Any CPU
		{B9A6F5D6-70E1-4BE4-BAC8-01A2CE9BBE93}.Release|Any CPU.Build.0 = Release|Any CPU
		{62008495-BD3B-4D71-B3FA-AAF6F7544830}.Debug|Any CPU.ActiveCfg = Debug|Any CPU
		{62008495-BD3B-4D71-B3FA-AAF6F7544830}.Debug|Any CPU.Build.0 = Debug|Any CPU
		{62008495-BD3B-4D71-B3FA-AAF6F7544830}.Release|Any CPU.ActiveCfg = Release|Any CPU
		{62008495-BD3B-4D71-B3FA-AAF6F7544830}.Release|Any CPU.Build.0 = Release|Any CPU
		{1BAB2B4D-E68F-4A72-8031-5FF51E5EFD81}.Debug|Any CPU.ActiveCfg = Debug|Any CPU
		{1BAB2B4D-E68F-4A72-8031-5FF51E5EFD81}.Debug|Any CPU.Build.0 = Debug|Any CPU
		{1BAB2B4D-E68F-4A72-8031-5FF51E5EFD81}.Release|Any CPU.ActiveCfg = Release|Any CPU
		{1BAB2B4D-E68F-4A72-8031-5FF51E5EFD81}.Release|Any CPU.Build.0 = Release|Any CPU
		{1191E3A1-7EDF-4AEB-A8DC-37146099C63B}.Debug|Any CPU.ActiveCfg = Debug|Any CPU
		{1191E3A1-7EDF-4AEB-A8DC-37146099C63B}.Debug|Any CPU.Build.0 = Debug|Any CPU
		{1191E3A1-7EDF-4AEB-A8DC-37146099C63B}.Release|Any CPU.ActiveCfg = Release|Any CPU
		{1191E3A1-7EDF-4AEB-A8DC-37146099C63B}.Release|Any CPU.Build.0 = Release|Any CPU
	EndGlobalSection
	GlobalSection(SolutionProperties) = preSolution
		HideSolutionNode = FALSE
	EndGlobalSection
	GlobalSection(NestedProjects) = preSolution
		{FB258022-984D-45D1-B4B5-6DEA01C7550B} = {9C4368CB-4AA3-43C0-AD4C-C20F72377843}
		{301BB9A5-447D-4C64-9FFD-A8D67F3342FE} = {9C4368CB-4AA3-43C0-AD4C-C20F72377843}
		{398FF585-0576-45A1-A92F-683E74EF6F3D} = {9C4368CB-4AA3-43C0-AD4C-C20F72377843}
		{BAC7B559-2511-4CAA-B2F8-9BE8B64AA0EF} = {3B7CF485-F9C5-48C9-B8F5-68BC996D2EE5}
		{A1DE4D20-E5B5-4ABC-B338-C4F8A820A4FE} = {3B7CF485-F9C5-48C9-B8F5-68BC996D2EE5}
		{A7FB5C05-D592-4705-B9D9-3013024095C0} = {3B7CF485-F9C5-48C9-B8F5-68BC996D2EE5}
		{1A027710-1A60-4384-855B-DEBE0019D874} = {33D8366C-91D1-45BF-A367-BFC040F6F8CF}
		{58FCA1BE-A81C-446C-A95C-75FFD0198B73} = {33D8366C-91D1-45BF-A367-BFC040F6F8CF}
		{B9A6F5D6-70E1-4BE4-BAC8-01A2CE9BBE93} = {33D8366C-91D1-45BF-A367-BFC040F6F8CF}
		{62008495-BD3B-4D71-B3FA-AAF6F7544830} = {EEAAC489-1E13-438E-9539-26417540CF72}
		{1BAB2B4D-E68F-4A72-8031-5FF51E5EFD81} = {EEAAC489-1E13-438E-9539-26417540CF72}
		{1191E3A1-7EDF-4AEB-A8DC-37146099C63B} = {EEAAC489-1E13-438E-9539-26417540CF72}
	EndGlobalSection
	GlobalSection(ExtensibilityGlobals) = postSolution
		SolutionGuid = {EED8FB9F-D733-40CC-8D0D-410476FE757D}
	EndGlobalSection
EndGlobal
