
Microsoft Visual Studio Solution File, Format Version 12.00
# Visual Studio Version 16
VisualStudioVersion = 16.0.33927.289
MinimumVisualStudioVersion = 10.0.40219.1
Project("{2150E333-8FDC-42A3-9474-1A3956D46DE8}") = "Task0", "Task0", "{9C4368CB-4AA3-43C0-AD4C-C20F72377843}"
EndProject
Project("{FAE04EC0-301F-11D3-BF4B-00C04F79EFBC}") = "Tyuiu.IvanovJD.Sprint4.Task0.V3", "Tyuiu.IvanovJD.Sprint4.Task0.V3\Tyuiu.IvanovJD.Sprint4.Task0.V3.csproj", "{FB258022-984D-45D1-B4B5-6DEA01C7550B}"
EndProject
Project("{FAE04EC0-301F-11D3-BF4B-00C04F79EFBC}") = "Tyuiu.IvanovJD.Sprint4.Task0.V3.Lib", "Tyuiu.IvanovJD.Sprint4.Task0.V3.Lib\Tyuiu.IvanovJD.Sprint4.Task0.V3.Lib.csproj", "{301BB9A5-447D-4C64-9FFD-A8D67F3342FE}"
EndProject
Project("{FAE04EC0-301F-11D3-BF4B-00C04F79EFBC}") = "Tyuiu.IvanovJD.Sprint4.Task0.V3.Test", "Tyuiu.IvanovJD.Sprint4.Task0.V3.Test\Tyuiu.IvanovJD.Sprint4.Task0.V3.Test.csproj", "{398FF585-0576-45A1-A92F-683E74EF6F3D}"
EndProject
Project("{2150E333-8FDC-42A3-9474-1A3956D46DE8}") = "Task1", "Task1", "{3B7CF485-F9C5-48C9-B8F5-68BC996D2EE5}"
EndProject
Project("{FAE04EC0-301F-11D3-BF4B-00C04F79EFBC}") = "Tyuiu.IvanovJD.Sprint4.Task1.V8", "Tyuiu.IvanovJD.Sprint4.Task1.V8\Tyuiu.IvanovJD.Sprint4.Task1.V8.csproj", "{BAC7B559-2511-4CAA-B2F8-9BE8B64AA0EF}"
EndProject
Project("{FAE04EC0-301F-11D3-BF4B-00C04F79EFBC}") = "Tyuiu.IvanovJD.Sprint4.Task1.V8.Test", "Tyuiu.IvanovJD.Sprint4.Task1.V8.Test\Tyuiu.IvanovJD.Sprint4.Task1.V8.Test.csproj", "{A1DE4D20-E5B5-4ABC-B338-C4F8A820A4FE}"
EndProject
Project("{FAE04EC0-301F-11D3-BF4B-00C04F79EFBC}") = "Tyuiu.IvanovJD.Sprint4.Task1.V8.Lib", "Tyuiu.IvanovJD.Sprint4.Task1.V8.Lib\Tyuiu.IvanovJD.Sprint4.Task1.V8.Lib.csproj", "{A7FB5C05-D592-4705-B9D9-3013024095C0}"
EndProject
Project("{2150E333-8FDC-42A3-9474-1A3956D46DE8}") = "NewFolder1", "NewFolder1", "{33D8366C-91D1-45BF-A367-BFC040F6F8CF}"
EndProject
Project("{FAE04EC0-301F-11D3-BF4B-00C04F79EFBC}") = "Tyuiu.IvanovJD.Sprint4.Task2.V6", "Tyuiu.IvanovJD.Sprint4.Task2.V6\Tyuiu.IvanovJD.Sprint4.Task2.V6.csproj", "{1A027710-1A60-4384-855B-DEBE0019D874}"
EndProject
Project("{FAE04EC0-301F-11D3-BF4B-00C04F79EFBC}") = "Tyuiu.IvanovJD.Sprint4.Task2.V6.Lib", "Tyuiu.IvanovJD.Sprint4.Task2.V6.Lib\Tyuiu.IvanovJD.Sprint4.Task2.V6.Lib.csproj", "{58FCA1BE-A81C-446C-A95C-75FFD0198B73}"
EndProject
Project("{FAE04EC0-301F-11D3-BF4B-00C04F79EFBC}") = "Tyuiu.IvanovJD.Sprint4.Task2.V6.Test", "Tyuiu.IvanovJD.Sprint4.Task2.V6.Test\Tyuiu.IvanovJD.Sprint4.Task2.V6.Test.csproj", "{B9A6F5D6-70E1-4BE4-BAC8-01A2CE9BBE93}"
EndProject
Project("{2150E333-8FDC-42A3-9474-1A3956D46DE8}") = "3", "3", "{EEAAC489-1E13-438E-9539-26417540CF72}"
EndProject
Project("{FAE04EC0-301F-11D3-BF4B-00C04F79EFBC}") = "Tyuiu.IvanovJD.Sprint4.Task3.V29", "Tyuiu.IvanovJD.Sprint4.Task3.V29\Tyuiu.IvanovJD.Sprint4.Task3.V29.csproj", "{62008495-BD3B-4D71-B3FA-AAF6F7544830}"
EndProject
Project("{FAE04EC0-301F-11D3-BF4B-00C04F79EFBC}") = "Tyuiu.IvanovJD.Sprint4.Task3.V29.Test", "Tyuiu.IvanovJD.Sprint4.Task3.V29.Test\Tyuiu.IvanovJD.Sprint4.Task3.V29.Test.csproj", "{1BAB2B4D-E68F-4A72-8031-5FF51E5EFD81}"
EndProject
Project("{FAE04EC0-301F-11D3-BF4B-00C04F79EFBC}") = "Tyuiu.IvanovJD.Sprint4.Task3.V29.Lib", "Tyuiu.IvanovJD.Sprint4.Task3.V29.Lib\Tyuiu.IvanovJD.Sprint4.Task3.V29.Lib.csproj", "{1191E3A1-7EDF-4AEB-A8DC-37146099C63B}"
EndProject
Project("{2150E333-8FDC-42A3-9474-1A3956D46DE8}") = "4", "4", "{8ED822EE-59C7-4CD9-9C83-29CAC75C8926}"
EndProject
Project("{2150E333-8FDC-42A3-9474-1A3956D46DE8}") = "5", "5", "{D391A730-927C-4DCB-BFAF-ED6C115B5DFA}"
EndProject
Project("{2150E333-8FDC-42A3-9474-1A3956D46DE8}") = "6", "6", "{210105F1-8971-46FF-9EA9-CD926F4589E2}"
EndProject
Project("{2150E333-8FDC-42A3-9474-1A3956D46DE8}") = "7", "7", "{9F4E7BE6-E827-4D6F-A698-52A2BC7ED2B5}"
EndProject
Project("{FAE04EC0-301F-11D3-BF4B-00C04F79EFBC}") = "Tyuiu.IvanovJD.Sprint4.Task4.V4", "Tyuiu.IvanovJD.Sprint4.Task4.V4\Tyuiu.IvanovJD.Sprint4.Task4.V4.csproj", "{6B0207B2-7A77-4F52-9D60-FF7A80471FA0}"
EndProject
Project("{FAE04EC0-301F-11D3-BF4B-00C04F79EFBC}") = "Tyuiu.IvanovJD.Sprint4.Task4.V4.Lib", "Tyuiu.IvanovJD.Sprint4.Task4.V4.Lib\Tyuiu.IvanovJD.Sprint4.Task4.V4.Lib.csproj", "{32263DDF-A40C-420F-BEA8-37D7E100776D}"
EndProject
Project("{FAE04EC0-301F-11D3-BF4B-00C04F79EFBC}") = "Tyuiu.IvanovJD.Sprint4.Task4.V4.Test", "Tyuiu.IvanovJD.Sprint4.Task4.V4.Test\Tyuiu.IvanovJD.Sprint4.Task4.V4.Test.csproj", "{E0848E47-011B-4B52-9769-1ED83C64AB26}"
EndProject
Project("{FAE04EC0-301F-11D3-BF4B-00C04F79EFBC}") = "Tyuiu.IvanovJD.Sprint4.Task5.V9.Lib", "Tyuiu.IvanovJD.Sprint4.Task5.V9.Lib\Tyuiu.IvanovJD.Sprint4.Task5.V9.Lib.csproj", "{C59EE694-70A7-4C8C-A7E2-717175B3C80F}"
EndProject
Project("{FAE04EC0-301F-11D3-BF4B-00C04F79EFBC}") = "Tyuiu.IvanovJD.Sprint4.Task5.V9", "Tyuiu.IvanovJD.Sprint4.Task5.V9\Tyuiu.IvanovJD.Sprint4.Task5.V9.csproj", "{1782333C-F7D5-44B1-B6F9-1552CD1C08F9}"
EndProject
Project("{FAE04EC0-301F-11D3-BF4B-00C04F79EFBC}") = "Tyuiu.IvanovJD.Sprint4.Task5.V9.Test", "Tyuiu.IvanovJD.Sprint4.Task5.V9.Test\Tyuiu.IvanovJD.Sprint4.Task5.V9.Test.csproj", "{54AFC6DF-79BD-4883-B2F1-90D549FE2E1E}"
EndProject
Project("{FAE04EC0-301F-11D3-BF4B-00C04F79EFBC}") = "Tyuiu.IvanovJD.Sprint4.Task6.V20.Lib", "Tyuiu.IvanovJD.Sprint4.Task6.V20.Lib\Tyuiu.IvanovJD.Sprint4.Task6.V20.Lib.csproj", "{DE513551-DAAF-40B5-90C4-A7CCB288EEC8}"
EndProject
Project("{FAE04EC0-301F-11D3-BF4B-00C04F79EFBC}") = "Tyuiu.IvanovJD.Sprint4.Task6.V20.Test", "Tyuiu.IvanovJD.Sprint4.Task6.V20.Test\Tyuiu.IvanovJD.Sprint4.Task6.V20.Test.csproj", "{95B005BF-D9B2-40D8-BD93-9C4D22F20040}"
EndProject
Project("{FAE04EC0-301F-11D3-BF4B-00C04F79EFBC}") = "Tyuiu.IvanovJD.Sprint4.Task6.V20", "Tyuiu.IvanovJD.Sprint4.Task6.V20\Tyuiu.IvanovJD.Sprint4.Task6.V20.csproj", "{0353F801-ECD1-4F37-BAEA-BFFE5DAE8536}"
EndProject
Project("{FAE04EC0-301F-11D3-BF4B-00C04F79EFBC}") = "Tyuiu.IvanovJD.Sprint4.Task7.V5.Lib", "Tyuiu.IvanovJD.Sprint4.Task7.V5.Lib\Tyuiu.IvanovJD.Sprint4.Task7.V5.Lib.csproj", "{AC83EC4B-9A17-497F-8F68-19E3769D7AFE}"
EndProject
Project("{FAE04EC0-301F-11D3-BF4B-00C04F79EFBC}") = "Tyuiu.IvanovJD.Sprint4.Task7.V5", "Tyuiu.IvanovJD.Sprint4.Task7.V5\Tyuiu.IvanovJD.Sprint4.Task7.V5.csproj", "{DD995A1C-706A-4FFF-90B2-F3211BBFE890}"
EndProject
Project("{FAE04EC0-301F-11D3-BF4B-00C04F79EFBC}") = "Tyuiu.IvanovJD.Sprint4.Task7.V5.Test", "Tyuiu.IvanovJD.Sprint4.Task7.V5.Test\Tyuiu.IvanovJD.Sprint4.Task7.V5.Test.csproj", "{7A0C77EF-D295-4147-94D0-E5A43A71689A}"
EndProject
Global
	GlobalSection(SolutionConfigurationPlatforms) = preSolution
		Debug|Any CPU = Debug|Any CPU
		Release|Any CPU = Release|Any CPU
	EndGlobalSection
	GlobalSection(ProjectConfigurationPlatforms) = postSolution
		{FB258022-984D-45D1-B4B5-6DEA01C7550B}.Debug|Any CPU.ActiveCfg = Debug|Any CPU
		{FB258022-984D-45D1-B4B5-6DEA01C7550B}.Debug|Any CPU.Build.0 = Debug|Any CPU
		{FB258022-984D-45D1-B4B5-6DEA01C7550B}.Release|Any CPU.ActiveCfg = Release|Any CPU
		{FB258022-984D-45D1-B4B5-6DEA01C7550B}.Release|Any CPU.Build.0 = Release|Any CPU
		{301BB9A5-447D-4C64-9FFD-A8D67F3342FE}.Debug|Any CPU.ActiveCfg = Debug|Any CPU
		{301BB9A5-447D-4C64-9FFD-A8D67F3342FE}.Debug|Any CPU.Build.0 = Debug|Any CPU
		{301BB9A5-447D-4C64-9FFD-A8D67F3342FE}.Release|Any CPU.ActiveCfg = Release|Any CPU
		{301BB9A5-447D-4C64-9FFD-A8D67F3342FE}.Release|Any CPU.Build.0 = Release|Any CPU
		{398FF585-0576-45A1-A92F-683E74EF6F3D}.Debug|Any CPU.ActiveCfg = Debug|Any CPU
		{398FF585-0576-45A1-A92F-683E74EF6F3D}.Debug|Any CPU.Build.0 = Debug|Any CPU
		{398FF585-0576-45A1-A92F-683E74EF6F3D}.Release|Any CPU.ActiveCfg = Release|Any CPU
		{398FF585-0576-45A1-A92F-683E74EF6F3D}.Release|Any CPU.Build.0 = Release|Any CPU
		{BAC7B559-2511-4CAA-B2F8-9BE8B64AA0EF}.Debug|Any CPU.ActiveCfg = Debug|Any CPU
		{BAC7B559-2511-4CAA-B2F8-9BE8B64AA0EF}.Debug|Any CPU.Build.0 = Debug|Any CPU
		{BAC7B559-2511-4CAA-B2F8-9BE8B64AA0EF}.Release|Any CPU.ActiveCfg = Release|Any CPU
		{BAC7B559-2511-4CAA-B2F8-9BE8B64AA0EF}.Release|Any CPU.Build.0 = Release|Any CPU
		{A1DE4D20-E5B5-4ABC-B338-C4F8A820A4FE}.Debug|Any CPU.ActiveCfg = Debug|Any CPU
		{A1DE4D20-E5B5-4ABC-B338-C4F8A820A4FE}.Debug|Any CPU.Build.0 = Debug|Any CPU
		{A1DE4D20-E5B5-4ABC-B338-C4F8A820A4FE}.Release|Any CPU.ActiveCfg = Release|Any CPU
		{A1DE4D20-E5B5-4ABC-B338-C4F8A820A4FE}.Release|Any CPU.Build.0 = Release|Any CPU
		{A7FB5C05-D592-4705-B9D9-3013024095C0}.Debug|Any CPU.ActiveCfg = Debug|Any CPU
		{A7FB5C05-D592-4705-B9D9-3013024095C0}.Debug|Any CPU.Build.0 = Debug|Any CPU
		{A7FB5C05-D592-4705-B9D9-3013024095C0}.Release|Any CPU.ActiveCfg = Release|Any CPU
		{A7FB5C05-D592-4705-B9D9-3013024095C0}.Release|Any CPU.Build.0 = Release|Any CPU
		{1A027710-1A60-4384-855B-DEBE0019D874}.Debug|Any CPU.ActiveCfg = Debug|Any CPU
		{1A027710-1A60-4384-855B-DEBE0019D874}.Debug|Any CPU.Build.0 = Debug|Any CPU
		{1A027710-1A60-4384-855B-DEBE0019D874}.Release|Any CPU.ActiveCfg = Release|Any CPU
		{1A027710-1A60-4384-855B-DEBE0019D874}.Release|Any CPU.Build.0 = Release|Any CPU
		{58FCA1BE-A81C-446C-A95C-75FFD0198B73}.Debug|Any CPU.ActiveCfg = Debug|Any CPU
		{58FCA1BE-A81C-446C-A95C-75FFD0198B73}.Debug|Any CPU.Build.0 = Debug|Any CPU
		{58FCA1BE-A81C-446C-A95C-75FFD0198B73}.Release|Any CPU.ActiveCfg = Release|Any CPU
		{58FCA1BE-A81C-446C-A95C-75FFD0198B73}.Release|Any CPU.Build.0 = Release|Any CPU
		{B9A6F5D6-70E1-4BE4-BAC8-01A2CE9BBE93}.Debug|Any CPU.ActiveCfg = Debug|Any CPU
		{B9A6F5D6-70E1-4BE4-BAC8-01A2CE9BBE93}.Debug|Any CPU.Build.0 = Debug|Any CPU
		{B9A6F5D6-70E1-4BE4-BAC8-01A2CE9BBE93}.Release|Any CPU.ActiveCfg = Release|Any CPU
		{B9A6F5D6-70E1-4BE4-BAC8-01A2CE9BBE93}.Release|Any CPU.Build.0 = Release|Any CPU
		{62008495-BD3B-4D71-B3FA-AAF6F7544830}.Debug|Any CPU.ActiveCfg = Debug|Any CPU
		{62008495-BD3B-4D71-B3FA-AAF6F7544830}.Debug|Any CPU.Build.0 = Debug|Any CPU
		{62008495-BD3B-4D71-B3FA-AAF6F7544830}.Release|Any CPU.ActiveCfg = Release|Any CPU
		{62008495-BD3B-4D71-B3FA-AAF6F7544830}.Release|Any CPU.Build.0 = Release|Any CPU
		{1BAB2B4D-E68F-4A72-8031-5FF51E5EFD81}.Debug|Any CPU.ActiveCfg = Debug|Any CPU
		{1BAB2B4D-E68F-4A72-8031-5FF51E5EFD81}.Debug|Any CPU.Build.0 = Debug|Any CPU
		{1BAB2B4D-E68F-4A72-8031-5FF51E5EFD81}.Release|Any CPU.ActiveCfg = Release|Any CPU
		{1BAB2B4D-E68F-4A72-8031-5FF51E5EFD81}.Release|Any CPU.Build.0 = Release|Any CPU
		{1191E3A1-7EDF-4AEB-A8DC-37146099C63B}.Debug|Any CPU.ActiveCfg = Debug|Any CPU
		{1191E3A1-7EDF-4AEB-A8DC-37146099C63B}.Debug|Any CPU.Build.0 = Debug|Any CPU
		{1191E3A1-7EDF-4AEB-A8DC-37146099C63B}.Release|Any CPU.ActiveCfg = Release|Any CPU
		{1191E3A1-7EDF-4AEB-A8DC-37146099C63B}.Release|Any CPU.Build.0 = Release|Any CPU
		{6B0207B2-7A77-4F52-9D60-FF7A80471FA0}.Debug|Any CPU.ActiveCfg = Debug|Any CPU
		{6B0207B2-7A77-4F52-9D60-FF7A80471FA0}.Debug|Any CPU.Build.0 = Debug|Any CPU
		{6B0207B2-7A77-4F52-9D60-FF7A80471FA0}.Release|Any CPU.ActiveCfg = Release|Any CPU
		{6B0207B2-7A77-4F52-9D60-FF7A80471FA0}.Release|Any CPU.Build.0 = Release|Any CPU
		{32263DDF-A40C-420F-BEA8-37D7E100776D}.Debug|Any CPU.ActiveCfg = Debug|Any CPU
		{32263DDF-A40C-420F-BEA8-37D7E100776D}.Debug|Any CPU.Build.0 = Debug|Any CPU
		{32263DDF-A40C-420F-BEA8-37D7E100776D}.Release|Any CPU.ActiveCfg = Release|Any CPU
		{32263DDF-A40C-420F-BEA8-37D7E100776D}.Release|Any CPU.Build.0 = Release|Any CPU
		{E0848E47-011B-4B52-9769-1ED83C64AB26}.Debug|Any CPU.ActiveCfg = Debug|Any CPU
		{E0848E47-011B-4B52-9769-1ED83C64AB26}.Debug|Any CPU.Build.0 = Debug|Any CPU
		{E0848E47-011B-4B52-9769-1ED83C64AB26}.Release|Any CPU.ActiveCfg = Release|Any CPU
		{E0848E47-011B-4B52-9769-1ED83C64AB26}.Release|Any CPU.Build.0 = Release|Any CPU
		{C59EE694-70A7-4C8C-A7E2-717175B3C80F}.Debug|Any CPU.ActiveCfg = Debug|Any CPU
		{C59EE694-70A7-4C8C-A7E2-717175B3C80F}.Debug|Any CPU.Build.0 = Debug|Any CPU
		{C59EE694-70A7-4C8C-A7E2-717175B3C80F}.Release|Any CPU.ActiveCfg = Release|Any CPU
		{C59EE694-70A7-4C8C-A7E2-717175B3C80F}.Release|Any CPU.Build.0 = Release|Any CPU
		{1782333C-F7D5-44B1-B6F9-1552CD1C08F9}.Debug|Any CPU.ActiveCfg = Debug|Any CPU
		{1782333C-F7D5-44B1-B6F9-1552CD1C08F9}.Debug|Any CPU.Build.0 = Debug|Any CPU
		{1782333C-F7D5-44B1-B6F9-1552CD1C08F9}.Release|Any CPU.ActiveCfg = Release|Any CPU
		{1782333C-F7D5-44B1-B6F9-1552CD1C08F9}.Release|Any CPU.Build.0 = Release|Any CPU
		{54AFC6DF-79BD-4883-B2F1-90D549FE2E1E}.Debug|Any CPU.ActiveCfg = Debug|Any CPU
		{54AFC6DF-79BD-4883-B2F1-90D549FE2E1E}.Debug|Any CPU.Build.0 = Debug|Any CPU
		{54AFC6DF-79BD-4883-B2F1-90D549FE2E1E}.Release|Any CPU.ActiveCfg = Release|Any CPU
		{54AFC6DF-79BD-4883-B2F1-90D549FE2E1E}.Release|Any CPU.Build.0 = Release|Any CPU
		{DE513551-DAAF-40B5-90C4-A7CCB288EEC8}.Debug|Any CPU.ActiveCfg = Debug|Any CPU
		{DE513551-DAAF-40B5-90C4-A7CCB288EEC8}.Debug|Any CPU.Build.0 = Debug|Any CPU
		{DE513551-DAAF-40B5-90C4-A7CCB288EEC8}.Release|Any CPU.ActiveCfg = Release|Any CPU
		{DE513551-DAAF-40B5-90C4-A7CCB288EEC8}.Release|Any CPU.Build.0 = Release|Any CPU
		{95B005BF-D9B2-40D8-BD93-9C4D22F20040}.Debug|Any CPU.ActiveCfg = Debug|Any CPU
		{95B005BF-D9B2-40D8-BD93-9C4D22F20040}.Debug|Any CPU.Build.0 = Debug|Any CPU
		{95B005BF-D9B2-40D8-BD93-9C4D22F20040}.Release|Any CPU.ActiveCfg = Release|Any CPU
		{95B005BF-D9B2-40D8-BD93-9C4D22F20040}.Release|Any CPU.Build.0 = Release|Any CPU
		{0353F801-ECD1-4F37-BAEA-BFFE5DAE8536}.Debug|Any CPU.ActiveCfg = Debug|Any CPU
		{0353F801-ECD1-4F37-BAEA-BFFE5DAE8536}.Debug|Any CPU.Build.0 = Debug|Any CPU
		{0353F801-ECD1-4F37-BAEA-BFFE5DAE8536}.Release|Any CPU.ActiveCfg = Release|Any CPU
		{0353F801-ECD1-4F37-BAEA-BFFE5DAE8536}.Release|Any CPU.Build.0 = Release|Any CPU
		{AC83EC4B-9A17-497F-8F68-19E3769D7AFE}.Debug|Any CPU.ActiveCfg = Debug|Any CPU
		{AC83EC4B-9A17-497F-8F68-19E3769D7AFE}.Debug|Any CPU.Build.0 = Debug|Any CPU
		{AC83EC4B-9A17-497F-8F68-19E3769D7AFE}.Release|Any CPU.ActiveCfg = Release|Any CPU
		{AC83EC4B-9A17-497F-8F68-19E3769D7AFE}.Release|Any CPU.Build.0 = Release|Any CPU
		{DD995A1C-706A-4FFF-90B2-F3211BBFE890}.Debug|Any CPU.ActiveCfg = Debug|Any CPU
		{DD995A1C-706A-4FFF-90B2-F3211BBFE890}.Debug|Any CPU.Build.0 = Debug|Any CPU
		{DD995A1C-706A-4FFF-90B2-F3211BBFE890}.Release|Any CPU.ActiveCfg = Release|Any CPU
		{DD995A1C-706A-4FFF-90B2-F3211BBFE890}.Release|Any CPU.Build.0 = Release|Any CPU
		{7A0C77EF-D295-4147-94D0-E5A43A71689A}.Debug|Any CPU.ActiveCfg = Debug|Any CPU
		{7A0C77EF-D295-4147-94D0-E5A43A71689A}.Debug|Any CPU.Build.0 = Debug|Any CPU
		{7A0C77EF-D295-4147-94D0-E5A43A71689A}.Release|Any CPU.ActiveCfg = Release|Any CPU
		{7A0C77EF-D295-4147-94D0-E5A43A71689A}.Release|Any CPU.Build.0 = Release|Any CPU
	EndGlobalSection
	GlobalSection(SolutionProperties) = preSolution
		HideSolutionNode = FALSE
	EndGlobalSection
	GlobalSection(NestedProjects) = preSolution
		{FB258022-984D-45D1-B4B5-6DEA01C7550B} = {9C4368CB-4AA3-43C0-AD4C-C20F72377843}
		{301BB9A5-447D-4C64-9FFD-A8D67F3342FE} = {9C4368CB-4AA3-43C0-AD4C-C20F72377843}
		{398FF585-0576-45A1-A92F-683E74EF6F3D} = {9C4368CB-4AA3-43C0-AD4C-C20F72377843}
		{BAC7B559-2511-4CAA-B2F8-9BE8B64AA0EF} = {3B7CF485-F9C5-48C9-B8F5-68BC996D2EE5}
		{A1DE4D20-E5B5-4ABC-B338-C4F8A820A4FE} = {3B7CF485-F9C5-48C9-B8F5-68BC996D2EE5}
		{A7FB5C05-D592-4705-B9D9-3013024095C0} = {3B7CF485-F9C5-48C9-B8F5-68BC996D2EE5}
		{1A027710-1A60-4384-855B-DEBE0019D874} = {33D8366C-91D1-45BF-A367-BFC040F6F8CF}
		{58FCA1BE-A81C-446C-A95C-75FFD0198B73} = {33D8366C-91D1-45BF-A367-BFC040F6F8CF}
		{B9A6F5D6-70E1-4BE4-BAC8-01A2CE9BBE93} = {33D8366C-91D1-45BF-A367-BFC040F6F8CF}
		{62008495-BD3B-4D71-B3FA-AAF6F7544830} = {EEAAC489-1E13-438E-9539-26417540CF72}
		{1BAB2B4D-E68F-4A72-8031-5FF51E5EFD81} = {EEAAC489-1E13-438E-9539-26417540CF72}
		{1191E3A1-7EDF-4AEB-A8DC-37146099C63B} = {EEAAC489-1E13-438E-9539-26417540CF72}
		{6B0207B2-7A77-4F52-9D60-FF7A80471FA0} = {8ED822EE-59C7-4CD9-9C83-29CAC75C8926}
		{32263DDF-A40C-420F-BEA8-37D7E100776D} = {8ED822EE-59C7-4CD9-9C83-29CAC75C8926}
		{E0848E47-011B-4B52-9769-1ED83C64AB26} = {8ED822EE-59C7-4CD9-9C83-29CAC75C8926}
		{C59EE694-70A7-4C8C-A7E2-717175B3C80F} = {D391A730-927C-4DCB-BFAF-ED6C115B5DFA}
		{1782333C-F7D5-44B1-B6F9-1552CD1C08F9} = {D391A730-927C-4DCB-BFAF-ED6C115B5DFA}
		{54AFC6DF-79BD-4883-B2F1-90D549FE2E1E} = {D391A730-927C-4DCB-BFAF-ED6C115B5DFA}
		{DE513551-DAAF-40B5-90C4-A7CCB288EEC8} = {210105F1-8971-46FF-9EA9-CD926F4589E2}
		{95B005BF-D9B2-40D8-BD93-9C4D22F20040} = {210105F1-8971-46FF-9EA9-CD926F4589E2}
		{0353F801-ECD1-4F37-BAEA-BFFE5DAE8536} = {210105F1-8971-46FF-9EA9-CD926F4589E2}
		{AC83EC4B-9A17-497F-8F68-19E3769D7AFE} = {9F4E7BE6-E827-4D6F-A698-52A2BC7ED2B5}
		{DD995A1C-706A-4FFF-90B2-F3211BBFE890} = {9F4E7BE6-E827-4D6F-A698-52A2BC7ED2B5}
		{7A0C77EF-D295-4147-94D0-E5A43A71689A} = {9F4E7BE6-E827-4D6F-A698-52A2BC7ED2B5}
	EndGlobalSection
	GlobalSection(ExtensibilityGlobals) = postSolution
		SolutionGuid = {EED8FB9F-D733-40CC-8D0D-410476FE757D}
	EndGlobalSection
EndGlobal
